
Microsoft Visual Studio Solution File, Format Version 12.00
# Visual Studio Version 17
VisualStudioVersion = 17.10.34928.147
MinimumVisualStudioVersion = 10.0.40219.1
Project("{F184B08F-C81C-45F6-A57F-5ABD9991F28F}") = "Loader", "Loader\Loader.vbproj", "{DF8AC54E-C41B-4043-A148-6CF1DA3B8391}"
EndProject
Global
	GlobalSection(SolutionConfigurationPlatforms) = preSolution
		Debug|Any CPU = Debug|Any CPU
		Release|Any CPU = Release|Any CPU
	EndGlobalSection
	GlobalSection(ProjectConfigurationPlatforms) = postSolution
		{DF8AC54E-C41B-4043-A148-6CF1DA3B8391}.Debug|Any CPU.ActiveCfg = Debug|Any CPU
		{DF8AC54E-C41B-4043-A148-6CF1DA3B8391}.Debug|Any CPU.Build.0 = Debug|Any CPU
		{DF8AC54E-C41B-4043-A148-6CF1DA3B8391}.Release|Any CPU.ActiveCfg = Release|Any CPU
		{DF8AC54E-C41B-4043-A148-6CF1DA3B8391}.Release|Any CPU.Build.0 = Release|Any CPU
	EndGlobalSection
	GlobalSection(SolutionProperties) = preSolution
		HideSolutionNode = FALSE
	EndGlobalSection
	GlobalSection(ExtensibilityGlobals) = postSolution
		SolutionGuid = {AF24D7BE-0677-4394-9E85-DBB20C16120E}
	EndGlobalSection
EndGlobal
