
Microsoft Visual Studio Solution File, Format Version 12.00
# Visual Studio Version 17
VisualStudioVersion = 17.10.34928.147
MinimumVisualStudioVersion = 10.0.40219.1
Project("{F184B08F-C81C-45F6-A57F-5ABD9991F28F}") = "DoS", "DoS\DoS.vbproj", "{B89C6DD7-8339-449F-AE11-53B31087A62F}"
EndProject
Global
	GlobalSection(SolutionConfigurationPlatforms) = preSolution
		Debug|Any CPU = Debug|Any CPU
		Release|Any CPU = Release|Any CPU
	EndGlobalSection
	GlobalSection(ProjectConfigurationPlatforms) = postSolution
		{B89C6DD7-8339-449F-AE11-53B31087A62F}.Debug|Any CPU.ActiveCfg = Debug|Any CPU
		{B89C6DD7-8339-449F-AE11-53B31087A62F}.Debug|Any CPU.Build.0 = Debug|Any CPU
		{B89C6DD7-8339-449F-AE11-53B31087A62F}.Release|Any CPU.ActiveCfg = Release|Any CPU
		{B89C6DD7-8339-449F-AE11-53B31087A62F}.Release|Any CPU.Build.0 = Release|Any CPU
	EndGlobalSection
	GlobalSection(SolutionProperties) = preSolution
		HideSolutionNode = FALSE
	EndGlobalSection
	GlobalSection(ExtensibilityGlobals) = postSolution
		SolutionGuid = {2CBEB655-2B5D-4233-9985-CBEA06151CC2}
	EndGlobalSection
EndGlobal
